
Microsoft Visual Studio Solution File, Format Version 12.00
# Visual Studio 15
VisualStudioVersion = 15.0.27703.2026
MinimumVisualStudioVersion = 10.0.40219.1
Project("{FAE04EC0-301F-11D3-BF4B-00C04F79EFBC}") = "FriendFinder", "FriendFinder\FriendFinder.csproj", "{567FC22C-4AE2-42DE-8483-BEEA917FB913}"
EndProject
Global
	GlobalSection(SolutionConfigurationPlatforms) = preSolution
		Debug|Any CPU = Debug|Any CPU
		Release|Any CPU = Release|Any CPU
	EndGlobalSection
	GlobalSection(ProjectConfigurationPlatforms) = postSolution
		{567FC22C-4AE2-42DE-8483-BEEA917FB913}.Debug|Any CPU.ActiveCfg = Debug|Any CPU
		{567FC22C-4AE2-42DE-8483-BEEA917FB913}.Debug|Any CPU.Build.0 = Debug|Any CPU
		{567FC22C-4AE2-42DE-8483-BEEA917FB913}.Release|Any CPU.ActiveCfg = Release|Any CPU
		{567FC22C-4AE2-42DE-8483-BEEA917FB913}.Release|Any CPU.Build.0 = Release|Any CPU
	EndGlobalSection
	GlobalSection(SolutionProperties) = preSolution
		HideSolutionNode = FALSE
	EndGlobalSection
	GlobalSection(ExtensibilityGlobals) = postSolution
		SolutionGuid = {64853F94-7BCD-480B-AAB9-E8B6AA7925D3}
	EndGlobalSection
EndGlobal
